
Microsoft Visual Studio Solution File, Format Version 12.00
# Visual Studio Version 17
VisualStudioVersion = 17.7.34221.43
MinimumVisualStudioVersion = 10.0.40219.1
Project("{9A19103F-16F7-4668-BE54-9A1E7A4F7556}") = "OCRemoteServer", "OCRemoteServer\OCRemoteServer.csproj", "{EB1E33B4-D56B-4BBE-8B2E-42D58BCD49C0}"
EndProject
Global
	GlobalSection(SolutionConfigurationPlatforms) = preSolution
		Debug|Any CPU = Debug|Any CPU
		Release|Any CPU = Release|Any CPU
	EndGlobalSection
	GlobalSection(ProjectConfigurationPlatforms) = postSolution
		{EB1E33B4-D56B-4BBE-8B2E-42D58BCD49C0}.Debug|Any CPU.ActiveCfg = Debug|Any CPU
		{EB1E33B4-D56B-4BBE-8B2E-42D58BCD49C0}.Debug|Any CPU.Build.0 = Debug|Any CPU
		{EB1E33B4-D56B-4BBE-8B2E-42D58BCD49C0}.Release|Any CPU.ActiveCfg = Release|Any CPU
		{EB1E33B4-D56B-4BBE-8B2E-42D58BCD49C0}.Release|Any CPU.Build.0 = Release|Any CPU
	EndGlobalSection
	GlobalSection(SolutionProperties) = preSolution
		HideSolutionNode = FALSE
	EndGlobalSection
	GlobalSection(ExtensibilityGlobals) = postSolution
		SolutionGuid = {8B9FA9DB-7CF6-43A8-A788-2A0098744806}
	EndGlobalSection
EndGlobal
